
Microsoft Visual Studio Solution File, Format Version 12.00
# Visual Studio Version 17
VisualStudioVersion = 17.13.35806.99
MinimumVisualStudioVersion = 10.0.40219.1
Project("{FAE04EC0-301F-11D3-BF4B-00C04F79EFBC}") = "VIP_Energy", "VIP_Energy.csproj", "{8F715CAD-85FC-4EAC-B4AF-974C0A5878E3}"
EndProject
Global
	GlobalSection(SolutionConfigurationPlatforms) = preSolution
		Debug|Any CPU = Debug|Any CPU
		Release|Any CPU = Release|Any CPU
	EndGlobalSection
	GlobalSection(ProjectConfigurationPlatforms) = postSolution
		{8F715CAD-85FC-4EAC-B4AF-974C0A5878E3}.Debug|Any CPU.ActiveCfg = Debug|Any CPU
		{8F715CAD-85FC-4EAC-B4AF-974C0A5878E3}.Debug|Any CPU.Build.0 = Debug|Any CPU
		{8F715CAD-85FC-4EAC-B4AF-974C0A5878E3}.Release|Any CPU.ActiveCfg = Release|Any CPU
		{8F715CAD-85FC-4EAC-B4AF-974C0A5878E3}.Release|Any CPU.Build.0 = Release|Any CPU
	EndGlobalSection
	GlobalSection(SolutionProperties) = preSolution
		HideSolutionNode = FALSE
	EndGlobalSection
	GlobalSection(ExtensibilityGlobals) = postSolution
		SolutionGuid = {6C0E970E-04DB-4664-BB2D-99A42A764330}
	EndGlobalSection
EndGlobal