
Microsoft Visual Studio Solution File, Format Version 12.00
# Visual Studio Version 17
VisualStudioVersion = 17.13.35806.99 d17.13
MinimumVisualStudioVersion = 10.0.40219.1
Project("{FAE04EC0-301F-11D3-BF4B-00C04F79EFBC}") = "PythonNetMinimalTest", "PythonNetMinimalTest.csproj", "{382118B9-BA72-4923-A18A-4FDEB66FB21C}"
EndProject
Global
	GlobalSection(SolutionConfigurationPlatforms) = preSolution
		Debug|Any CPU = Debug|Any CPU
		Debug|x64 = Debug|x64
		Release|Any CPU = Release|Any CPU
		Release|x64 = Release|x64
	EndGlobalSection
	GlobalSection(ProjectConfigurationPlatforms) = postSolution
		{382118B9-BA72-4923-A18A-4FDEB66FB21C}.Debug|Any CPU.ActiveCfg = Debug|Any CPU
		{382118B9-BA72-4923-A18A-4FDEB66FB21C}.Debug|Any CPU.Build.0 = Debug|Any CPU
		{382118B9-BA72-4923-A18A-4FDEB66FB21C}.Debug|x64.ActiveCfg = Debug|x64
		{382118B9-BA72-4923-A18A-4FDEB66FB21C}.Debug|x64.Build.0 = Debug|x64
		{382118B9-BA72-4923-A18A-4FDEB66FB21C}.Release|Any CPU.ActiveCfg = Release|Any CPU
		{382118B9-BA72-4923-A18A-4FDEB66FB21C}.Release|Any CPU.Build.0 = Release|Any CPU
		{382118B9-BA72-4923-A18A-4FDEB66FB21C}.Release|x64.ActiveCfg = Release|x64
		{382118B9-BA72-4923-A18A-4FDEB66FB21C}.Release|x64.Build.0 = Release|x64
	EndGlobalSection
	GlobalSection(SolutionProperties) = preSolution
		HideSolutionNode = FALSE
	EndGlobalSection
	GlobalSection(ExtensibilityGlobals) = postSolution
		SolutionGuid = {79ADABCE-E127-4428-8AA4-599E511BD397}
	EndGlobalSection
EndGlobal
